<?xml version="1.0" encoding="utf-8"?>
<Project ToolsVersion="4.0" xmlns="http://schemas.microsoft.com/developer/msbuild/2003">
  <ItemGroup>
    <Filter Include="Source Files">
      <UniqueIdentifier>{4FC737F1-C7A5-4376-A066-2A32D752A2FF}</UniqueIdentifier>
      <Extensions>cpp;c;cc;cxx;def;odl;idl;hpj;bat;asm;asmx</Extensions>
    </Filter>
    <Filter Include="Header Files">
      <UniqueIdentifier>{93995380-89BD-4b04-88EB-625FBE52EBFB}</UniqueIdentifier>
      <Extensions>h;hh;hpp;hxx;hm;inl;inc;ipp;xsd</Extensions>
    </Filter>
    <Filter Include="Header Files\Command">
      <UniqueIdentifier>{462e6c8c-dc6d-43e3-887c-8e830075fc9c}</UniqueIdentifier>
    </Filter>
    <Filter Include="Resource Files">
      <UniqueIdentifier>{67DA6AB6-F800-4c08-8B7A-83BB121AAD01}</UniqueIdentifier>
      <Extensions>rc;ico;cur;bmp;dlg;rc2;rct;bin;rgs;gif;jpg;jpeg;jpe;resx;tiff;tif;png;wav;mfcribbon-ms</Extensions>
    </Filter>
  </ItemGroup>
  <ItemGroup>
    <ClCompile Include="SocketMain.cpp">
      <Filter>Source Files</Filter>
    </ClCompile>
    <ClCompile Include="C11TheadMangaer.cpp">
      <Filter>Source Files</Filter>
    </ClCompile>
    <ClCompile Include="FileManager.cpp">
      <Filter>Source Files</Filter>
    </ClCompile>
    <ClCompile Include="SocketWraper.cpp">
      <Filter>Source Files</Filter>
    </ClCompile>
    <ClCompile Include="Win32ThreadManager.cpp">
      <Filter>Source Files</Filter>
    </ClCompile>
    <ClCompile Include="Command.cpp">
      <Filter>Source Files</Filter>
    </ClCompile>
    <ClCompile Include="GrepCommandVerbose.cpp">
      <Filter>Source Files</Filter>
    </ClCompile>
  </ItemGroup>
  <ItemGroup>
    <ClInclude Include="C11TheadMangaer.hpp">
      <Filter>Header Files</Filter>
    </ClInclude>
    <ClInclude Include="Command.hpp">
      <Filter>Header Files\Command</Filter>
    </ClInclude>
    <ClInclude Include="FileManager.hpp">
      <Filter>Header Files</Filter>
    </ClInclude>
    <ClInclude Include="ThreadManagerAdatpter.hpp">
      <Filter>Header Files</Filter>
    </ClInclude>
    <ClInclude Include="SocketWraper.hpp">
      <Filter>Header Files</Filter>
    </ClInclude>
    <ClInclude Include="Win32ThreadManager.hpp">
      <Filter>Header Files</Filter>
    </ClInclude>
    <ClInclude Include="CriticalSection.hpp">
      <Filter>Header Files</Filter>
    </ClInclude>
    <ClInclude Include="GrepCommandVerbose.hpp">
      <Filter>Header Files\Command</Filter>
    </ClInclude>
    <ClInclude Include="File.hpp">
      <Filter>Header Files</Filter>
    </ClInclude>
  </ItemGroup>
</Project>